
Microsoft Visual Studio Solution File, Format Version 12.00
# Visual Studio Version 16
VisualStudioVersion = 16.0.30406.217
MinimumVisualStudioVersion = 10.0.40219.1
Project("{FAE04EC0-301F-11D3-BF4B-00C04F79EFBC}") = "CollectionManager", "CollectionManager\CollectionManager.csproj", "{96012C93-CD63-43AB-A51E-80AC1DD1CCC5}"
EndProject
Global
	GlobalSection(SolutionConfigurationPlatforms) = preSolution
		Debug|Any CPU = Debug|Any CPU
		Release|Any CPU = Release|Any CPU
	EndGlobalSection
	GlobalSection(ProjectConfigurationPlatforms) = postSolution
		{96012C93-CD63-43AB-A51E-80AC1DD1CCC5}.Debug|Any CPU.ActiveCfg = Debug|Any CPU
		{96012C93-CD63-43AB-A51E-80AC1DD1CCC5}.Debug|Any CPU.Build.0 = Debug|Any CPU
		{96012C93-CD63-43AB-A51E-80AC1DD1CCC5}.Release|Any CPU.ActiveCfg = Release|Any CPU
		{96012C93-CD63-43AB-A51E-80AC1DD1CCC5}.Release|Any CPU.Build.0 = Release|Any CPU
	EndGlobalSection
	GlobalSection(SolutionProperties) = preSolution
		HideSolutionNode = FALSE
	EndGlobalSection
	GlobalSection(ExtensibilityGlobals) = postSolution
		SolutionGuid = {947AA8C4-9E6E-4482-B9E9-22879E69BBA4}
	EndGlobalSection
EndGlobal
